
Microsoft Visual Studio Solution File, Format Version 12.00
# Visual Studio Version 17
VisualStudioVersion = 17.5.33424.131
MinimumVisualStudioVersion = 10.0.40219.1
Project("{9A19103F-16F7-4668-BE54-9A1E7A4F7556}") = "AbstractFactory", "AbstractFactory\AbstractFactory.csproj", "{AC5B4E5A-0A27-4DF8-8195-ED0F22EB414D}"
EndProject
Project("{FAE04EC0-301F-11D3-BF4B-00C04F79EFBC}") = "FactoryMethod", "FactoryMethod\FactoryMethod.csproj", "{A2E75852-E522-41F1-834C-CBB86B83327E}"
EndProject
Project("{FAE04EC0-301F-11D3-BF4B-00C04F79EFBC}") = "Adapter", "Adapter\Adapter.csproj", "{75B5CE0E-16FC-405E-BDFF-5EF6B9F118D2}"
EndProject
Project("{FAE04EC0-301F-11D3-BF4B-00C04F79EFBC}") = "Builder", "Builder\Builder.csproj", "{FFF21711-E595-4945-8A86-1DD1A1BAA9FE}"
EndProject
Global
	GlobalSection(SolutionConfigurationPlatforms) = preSolution
		Debug|Any CPU = Debug|Any CPU
		Release|Any CPU = Release|Any CPU
	EndGlobalSection
	GlobalSection(ProjectConfigurationPlatforms) = postSolution
		{AC5B4E5A-0A27-4DF8-8195-ED0F22EB414D}.Debug|Any CPU.ActiveCfg = Debug|Any CPU
		{AC5B4E5A-0A27-4DF8-8195-ED0F22EB414D}.Debug|Any CPU.Build.0 = Debug|Any CPU
		{AC5B4E5A-0A27-4DF8-8195-ED0F22EB414D}.Release|Any CPU.ActiveCfg = Release|Any CPU
		{AC5B4E5A-0A27-4DF8-8195-ED0F22EB414D}.Release|Any CPU.Build.0 = Release|Any CPU
		{A2E75852-E522-41F1-834C-CBB86B83327E}.Debug|Any CPU.ActiveCfg = Debug|Any CPU
		{A2E75852-E522-41F1-834C-CBB86B83327E}.Debug|Any CPU.Build.0 = Debug|Any CPU
		{A2E75852-E522-41F1-834C-CBB86B83327E}.Release|Any CPU.ActiveCfg = Release|Any CPU
		{A2E75852-E522-41F1-834C-CBB86B83327E}.Release|Any CPU.Build.0 = Release|Any CPU
		{75B5CE0E-16FC-405E-BDFF-5EF6B9F118D2}.Debug|Any CPU.ActiveCfg = Debug|Any CPU
		{75B5CE0E-16FC-405E-BDFF-5EF6B9F118D2}.Debug|Any CPU.Build.0 = Debug|Any CPU
		{75B5CE0E-16FC-405E-BDFF-5EF6B9F118D2}.Release|Any CPU.ActiveCfg = Release|Any CPU
		{75B5CE0E-16FC-405E-BDFF-5EF6B9F118D2}.Release|Any CPU.Build.0 = Release|Any CPU
		{FFF21711-E595-4945-8A86-1DD1A1BAA9FE}.Debug|Any CPU.ActiveCfg = Debug|Any CPU
		{FFF21711-E595-4945-8A86-1DD1A1BAA9FE}.Debug|Any CPU.Build.0 = Debug|Any CPU
		{FFF21711-E595-4945-8A86-1DD1A1BAA9FE}.Release|Any CPU.ActiveCfg = Release|Any CPU
		{FFF21711-E595-4945-8A86-1DD1A1BAA9FE}.Release|Any CPU.Build.0 = Release|Any CPU
	EndGlobalSection
	GlobalSection(SolutionProperties) = preSolution
		HideSolutionNode = FALSE
	EndGlobalSection
	GlobalSection(ExtensibilityGlobals) = postSolution
		SolutionGuid = {BC0ABA0C-DC2B-475B-B4F6-9986F0248F83}
	EndGlobalSection
EndGlobal
