
Microsoft Visual Studio Solution File, Format Version 12.00
# Visual Studio Version 17
VisualStudioVersion = 17.5.33424.131
MinimumVisualStudioVersion = 10.0.40219.1
Project("{9A19103F-16F7-4668-BE54-9A1E7A4F7556}") = "AbstractFactory", "AbstractFactory\AbstractFactory.csproj", "{AC5B4E5A-0A27-4DF8-8195-ED0F22EB414D}"
EndProject
Project("{9A19103F-16F7-4668-BE54-9A1E7A4F7556}") = "FactoryMethod", "FactoryMethod\FactoryMethod.csproj", "{A2E75852-E522-41F1-834C-CBB86B83327E}"
EndProject
Project("{9A19103F-16F7-4668-BE54-9A1E7A4F7556}") = "Adapter", "Adapter\Adapter.csproj", "{75B5CE0E-16FC-405E-BDFF-5EF6B9F118D2}"
EndProject
Project("{9A19103F-16F7-4668-BE54-9A1E7A4F7556}") = "Builder", "Builder\Builder.csproj", "{FFF21711-E595-4945-8A86-1DD1A1BAA9FE}"
EndProject
Project("{9A19103F-16F7-4668-BE54-9A1E7A4F7556}") = "Prototype", "Prototype\Prototype.csproj", "{E80D487D-6164-4A4C-B01B-174FF644D49E}"
EndProject
Project("{9A19103F-16F7-4668-BE54-9A1E7A4F7556}") = "Composite", "Composite\Composite.csproj", "{2F0F817F-08AB-44C9-9040-A7389C662999}"
EndProject
Project("{9A19103F-16F7-4668-BE54-9A1E7A4F7556}") = "Decorator", "Decorator\Decorator.csproj", "{46C7B5E4-03AA-41B6-AB57-C2752093A2C1}"
EndProject
Project("{9A19103F-16F7-4668-BE54-9A1E7A4F7556}") = "Bridge", "Bridge\Bridge.csproj", "{C4DB0682-2D10-4725-84AB-3356E7F63516}"
EndProject
Project("{9A19103F-16F7-4668-BE54-9A1E7A4F7556}") = "Facade", "Facade\Facade.csproj", "{3D0FFFD1-FE6A-48C5-AB26-04055437E117}"
EndProject
Project("{9A19103F-16F7-4668-BE54-9A1E7A4F7556}") = "FacadeN", "FacadeN\FacadeN.csproj", "{F51A50ED-8B5E-497E-81A7-10E978280141}"
EndProject
Project("{9A19103F-16F7-4668-BE54-9A1E7A4F7556}") = "Flyweight", "Flyweight\Flyweight.csproj", "{569434C8-0873-465F-848F-E5433342BEED}"
EndProject
Project("{9A19103F-16F7-4668-BE54-9A1E7A4F7556}") = "ObjectPool", "ObjectPool\ObjectPool.csproj", "{29ADA4A6-86F9-467D-837A-62C241D13C82}"
EndProject
Project("{9A19103F-16F7-4668-BE54-9A1E7A4F7556}") = "Proxy", "Proxy\Proxy.csproj", "{702A072F-F156-4840-8A8A-61C2D5E0BC57}"
EndProject
Project("{9A19103F-16F7-4668-BE54-9A1E7A4F7556}") = "State", "State\State.csproj", "{75FC0BD5-5B7E-4E8A-B9E2-E15DCD643600}"
EndProject
Project("{9A19103F-16F7-4668-BE54-9A1E7A4F7556}") = "Strategy", "Strategy\Strategy.csproj", "{0F5F5F17-876C-48AB-80CC-66E301D8A361}"
EndProject
Project("{9A19103F-16F7-4668-BE54-9A1E7A4F7556}") = "TemplateMethod", "TemplateMethod\TemplateMethod.csproj", "{2670515F-C160-4F49-99C4-D21ABFDE504B}"
EndProject
Project("{FAE04EC0-301F-11D3-BF4B-00C04F79EFBC}") = "Visitor", "Visitor\Visitor.csproj", "{E831FB8B-E4F0-4971-B3A4-F35ADDA38848}"
EndProject
Project("{FAE04EC0-301F-11D3-BF4B-00C04F79EFBC}") = "Command", "Command\Command.csproj", "{D786ADB8-E65B-41A4-BED4-1563A94E8E2E}"
EndProject
Global
	GlobalSection(SolutionConfigurationPlatforms) = preSolution
		Debug|Any CPU = Debug|Any CPU
		Release|Any CPU = Release|Any CPU
	EndGlobalSection
	GlobalSection(ProjectConfigurationPlatforms) = postSolution
		{AC5B4E5A-0A27-4DF8-8195-ED0F22EB414D}.Debug|Any CPU.ActiveCfg = Debug|Any CPU
		{AC5B4E5A-0A27-4DF8-8195-ED0F22EB414D}.Debug|Any CPU.Build.0 = Debug|Any CPU
		{AC5B4E5A-0A27-4DF8-8195-ED0F22EB414D}.Release|Any CPU.ActiveCfg = Release|Any CPU
		{AC5B4E5A-0A27-4DF8-8195-ED0F22EB414D}.Release|Any CPU.Build.0 = Release|Any CPU
		{A2E75852-E522-41F1-834C-CBB86B83327E}.Debug|Any CPU.ActiveCfg = Debug|Any CPU
		{A2E75852-E522-41F1-834C-CBB86B83327E}.Debug|Any CPU.Build.0 = Debug|Any CPU
		{A2E75852-E522-41F1-834C-CBB86B83327E}.Release|Any CPU.ActiveCfg = Release|Any CPU
		{A2E75852-E522-41F1-834C-CBB86B83327E}.Release|Any CPU.Build.0 = Release|Any CPU
		{75B5CE0E-16FC-405E-BDFF-5EF6B9F118D2}.Debug|Any CPU.ActiveCfg = Debug|Any CPU
		{75B5CE0E-16FC-405E-BDFF-5EF6B9F118D2}.Debug|Any CPU.Build.0 = Debug|Any CPU
		{75B5CE0E-16FC-405E-BDFF-5EF6B9F118D2}.Release|Any CPU.ActiveCfg = Release|Any CPU
		{75B5CE0E-16FC-405E-BDFF-5EF6B9F118D2}.Release|Any CPU.Build.0 = Release|Any CPU
		{FFF21711-E595-4945-8A86-1DD1A1BAA9FE}.Debug|Any CPU.ActiveCfg = Debug|Any CPU
		{FFF21711-E595-4945-8A86-1DD1A1BAA9FE}.Debug|Any CPU.Build.0 = Debug|Any CPU
		{FFF21711-E595-4945-8A86-1DD1A1BAA9FE}.Release|Any CPU.ActiveCfg = Release|Any CPU
		{FFF21711-E595-4945-8A86-1DD1A1BAA9FE}.Release|Any CPU.Build.0 = Release|Any CPU
		{E80D487D-6164-4A4C-B01B-174FF644D49E}.Debug|Any CPU.ActiveCfg = Debug|Any CPU
		{E80D487D-6164-4A4C-B01B-174FF644D49E}.Debug|Any CPU.Build.0 = Debug|Any CPU
		{E80D487D-6164-4A4C-B01B-174FF644D49E}.Release|Any CPU.ActiveCfg = Release|Any CPU
		{E80D487D-6164-4A4C-B01B-174FF644D49E}.Release|Any CPU.Build.0 = Release|Any CPU
		{2F0F817F-08AB-44C9-9040-A7389C662999}.Debug|Any CPU.ActiveCfg = Debug|Any CPU
		{2F0F817F-08AB-44C9-9040-A7389C662999}.Debug|Any CPU.Build.0 = Debug|Any CPU
		{2F0F817F-08AB-44C9-9040-A7389C662999}.Release|Any CPU.ActiveCfg = Release|Any CPU
		{2F0F817F-08AB-44C9-9040-A7389C662999}.Release|Any CPU.Build.0 = Release|Any CPU
		{46C7B5E4-03AA-41B6-AB57-C2752093A2C1}.Debug|Any CPU.ActiveCfg = Debug|Any CPU
		{46C7B5E4-03AA-41B6-AB57-C2752093A2C1}.Debug|Any CPU.Build.0 = Debug|Any CPU
		{46C7B5E4-03AA-41B6-AB57-C2752093A2C1}.Release|Any CPU.ActiveCfg = Release|Any CPU
		{46C7B5E4-03AA-41B6-AB57-C2752093A2C1}.Release|Any CPU.Build.0 = Release|Any CPU
		{C4DB0682-2D10-4725-84AB-3356E7F63516}.Debug|Any CPU.ActiveCfg = Debug|Any CPU
		{C4DB0682-2D10-4725-84AB-3356E7F63516}.Debug|Any CPU.Build.0 = Debug|Any CPU
		{C4DB0682-2D10-4725-84AB-3356E7F63516}.Release|Any CPU.ActiveCfg = Release|Any CPU
		{C4DB0682-2D10-4725-84AB-3356E7F63516}.Release|Any CPU.Build.0 = Release|Any CPU
		{3D0FFFD1-FE6A-48C5-AB26-04055437E117}.Debug|Any CPU.ActiveCfg = Debug|Any CPU
		{3D0FFFD1-FE6A-48C5-AB26-04055437E117}.Debug|Any CPU.Build.0 = Debug|Any CPU
		{3D0FFFD1-FE6A-48C5-AB26-04055437E117}.Release|Any CPU.ActiveCfg = Release|Any CPU
		{3D0FFFD1-FE6A-48C5-AB26-04055437E117}.Release|Any CPU.Build.0 = Release|Any CPU
		{F51A50ED-8B5E-497E-81A7-10E978280141}.Debug|Any CPU.ActiveCfg = Debug|Any CPU
		{F51A50ED-8B5E-497E-81A7-10E978280141}.Debug|Any CPU.Build.0 = Debug|Any CPU
		{F51A50ED-8B5E-497E-81A7-10E978280141}.Release|Any CPU.ActiveCfg = Release|Any CPU
		{F51A50ED-8B5E-497E-81A7-10E978280141}.Release|Any CPU.Build.0 = Release|Any CPU
		{569434C8-0873-465F-848F-E5433342BEED}.Debug|Any CPU.ActiveCfg = Debug|Any CPU
		{569434C8-0873-465F-848F-E5433342BEED}.Debug|Any CPU.Build.0 = Debug|Any CPU
		{569434C8-0873-465F-848F-E5433342BEED}.Release|Any CPU.ActiveCfg = Release|Any CPU
		{569434C8-0873-465F-848F-E5433342BEED}.Release|Any CPU.Build.0 = Release|Any CPU
		{29ADA4A6-86F9-467D-837A-62C241D13C82}.Debug|Any CPU.ActiveCfg = Debug|Any CPU
		{29ADA4A6-86F9-467D-837A-62C241D13C82}.Debug|Any CPU.Build.0 = Debug|Any CPU
		{29ADA4A6-86F9-467D-837A-62C241D13C82}.Release|Any CPU.ActiveCfg = Release|Any CPU
		{29ADA4A6-86F9-467D-837A-62C241D13C82}.Release|Any CPU.Build.0 = Release|Any CPU
		{702A072F-F156-4840-8A8A-61C2D5E0BC57}.Debug|Any CPU.ActiveCfg = Debug|Any CPU
		{702A072F-F156-4840-8A8A-61C2D5E0BC57}.Debug|Any CPU.Build.0 = Debug|Any CPU
		{702A072F-F156-4840-8A8A-61C2D5E0BC57}.Release|Any CPU.ActiveCfg = Release|Any CPU
		{702A072F-F156-4840-8A8A-61C2D5E0BC57}.Release|Any CPU.Build.0 = Release|Any CPU
		{75FC0BD5-5B7E-4E8A-B9E2-E15DCD643600}.Debug|Any CPU.ActiveCfg = Debug|Any CPU
		{75FC0BD5-5B7E-4E8A-B9E2-E15DCD643600}.Debug|Any CPU.Build.0 = Debug|Any CPU
		{75FC0BD5-5B7E-4E8A-B9E2-E15DCD643600}.Release|Any CPU.ActiveCfg = Release|Any CPU
		{75FC0BD5-5B7E-4E8A-B9E2-E15DCD643600}.Release|Any CPU.Build.0 = Release|Any CPU
		{0F5F5F17-876C-48AB-80CC-66E301D8A361}.Debug|Any CPU.ActiveCfg = Debug|Any CPU
		{0F5F5F17-876C-48AB-80CC-66E301D8A361}.Debug|Any CPU.Build.0 = Debug|Any CPU
		{0F5F5F17-876C-48AB-80CC-66E301D8A361}.Release|Any CPU.ActiveCfg = Release|Any CPU
		{0F5F5F17-876C-48AB-80CC-66E301D8A361}.Release|Any CPU.Build.0 = Release|Any CPU
		{2670515F-C160-4F49-99C4-D21ABFDE504B}.Debug|Any CPU.ActiveCfg = Debug|Any CPU
		{2670515F-C160-4F49-99C4-D21ABFDE504B}.Debug|Any CPU.Build.0 = Debug|Any CPU
		{2670515F-C160-4F49-99C4-D21ABFDE504B}.Release|Any CPU.ActiveCfg = Release|Any CPU
		{2670515F-C160-4F49-99C4-D21ABFDE504B}.Release|Any CPU.Build.0 = Release|Any CPU
		{E831FB8B-E4F0-4971-B3A4-F35ADDA38848}.Debug|Any CPU.ActiveCfg = Debug|Any CPU
		{E831FB8B-E4F0-4971-B3A4-F35ADDA38848}.Debug|Any CPU.Build.0 = Debug|Any CPU
		{E831FB8B-E4F0-4971-B3A4-F35ADDA38848}.Release|Any CPU.ActiveCfg = Release|Any CPU
		{E831FB8B-E4F0-4971-B3A4-F35ADDA38848}.Release|Any CPU.Build.0 = Release|Any CPU
		{D786ADB8-E65B-41A4-BED4-1563A94E8E2E}.Debug|Any CPU.ActiveCfg = Debug|Any CPU
		{D786ADB8-E65B-41A4-BED4-1563A94E8E2E}.Debug|Any CPU.Build.0 = Debug|Any CPU
		{D786ADB8-E65B-41A4-BED4-1563A94E8E2E}.Release|Any CPU.ActiveCfg = Release|Any CPU
		{D786ADB8-E65B-41A4-BED4-1563A94E8E2E}.Release|Any CPU.Build.0 = Release|Any CPU
	EndGlobalSection
	GlobalSection(SolutionProperties) = preSolution
		HideSolutionNode = FALSE
	EndGlobalSection
	GlobalSection(ExtensibilityGlobals) = postSolution
		SolutionGuid = {BC0ABA0C-DC2B-475B-B4F6-9986F0248F83}
	EndGlobalSection
EndGlobal
